// !$*UTF8*$!
{
	archiveVersion = 1;
	classes = {
	};
	objectVersion = 46;
	objects = {

/* Begin PBXBuildFile section */
		3A3377AA193A6DF30016B22E /* Foundation.framework in Frameworks */ = {isa = PBXBuildFile; fileRef = 3A3377A9193A6DF30016B22E /* Foundation.framework */; };
		3A3377AC193A6DF30016B22E /* CoreGraphics.framework in Frameworks */ = {isa = PBXBuildFile; fileRef = 3A3377AB193A6DF30016B22E /* CoreGraphics.framework */; };
		3A3377AE193A6DF30016B22E /* UIKit.framework in Frameworks */ = {isa = PBXBuildFile; fileRef = 3A3377AD193A6DF30016B22E /* UIKit.framework */; };
		3A3377B4193A6DF30016B22E /* InfoPlist.strings in Resources */ = {isa = PBXBuildFile; fileRef = 3A3377B2193A6DF30016B22E /* InfoPlist.strings */; };
		3A3377B6193A6DF30016B22E /* main.m in Sources */ = {isa = PBXBuildFile; fileRef = 3A3377B5193A6DF30016B22E /* main.m */; };
		3A3377BA193A6DF30016B22E /* AppDelegate.m in Sources */ = {isa = PBXBuildFile; fileRef = 3A3377B9193A6DF30016B22E /* AppDelegate.m */; };
		3A3377BD193A6DF30016B22E /* Main.storyboard in Resources */ = {isa = PBXBuildFile; fileRef = 3A3377BB193A6DF30016B22E /* Main.storyboard */; };
		3A3377C0193A6DF30016B22E /* ViewController.m in Sources */ = {isa = PBXBuildFile; fileRef = 3A3377BF193A6DF30016B22E /* ViewController.m */; };
		3A3377C2193A6DF30016B22E /* Images.xcassets in Resources */ = {isa = PBXBuildFile; fileRef = 3A3377C1193A6DF30016B22E /* Images.xcassets */; };
		3A3377C9193A6DF30016B22E /* XCTest.framework in Frameworks */ = {isa = PBXBuildFile; fileRef = 3A3377C8193A6DF30016B22E /* XCTest.framework */; };
		3A3377CA193A6DF30016B22E /* Foundation.framework in Frameworks */ = {isa = PBXBuildFile; fileRef = 3A3377A9193A6DF30016B22E /* Foundation.framework */; };
		3A3377CB193A6DF30016B22E /* UIKit.framework in Frameworks */ = {isa = PBXBuildFile; fileRef = 3A3377AD193A6DF30016B22E /* UIKit.framework */; };
		3A3377D3193A6DF30016B22E /* InfoPlist.strings in Resources */ = {isa = PBXBuildFile; fileRef = 3A3377D1193A6DF30016B22E /* InfoPlist.strings */; };
		3A3377D5193A6DF30016B22E /* hermes_iosTests.m in Sources */ = {isa = PBXBuildFile; fileRef = 3A3377D4193A6DF30016B22E /* hermes_iosTests.m */; };
		3A3377E0193A6E510016B22E /* PayViewController.m in Sources */ = {isa = PBXBuildFile; fileRef = 3A3377DF193A6E510016B22E /* PayViewController.m */; };
		3A3377E2193A736E0016B22E /* CoreBluetooth.framework in Frameworks */ = {isa = PBXBuildFile; fileRef = 3A3377E1193A736E0016B22E /* CoreBluetooth.framework */; };
		3A3377E4193A73720016B22E /* CoreLocation.framework in Frameworks */ = {isa = PBXBuildFile; fileRef = 3A3377E3193A73720016B22E /* CoreLocation.framework */; };
		3A3377E7193A777E0016B22E /* PayPalViewController.m in Sources */ = {isa = PBXBuildFile; fileRef = 3A3377E6193A777E0016B22E /* PayPalViewController.m */; };
		3A33781C193A99950016B22E /* SMPageControl.m in Sources */ = {isa = PBXBuildFile; fileRef = 3A33781B193A99950016B22E /* SMPageControl.m */; };
		3A337821193A99A80016B22E /* EAIntroPage.m in Sources */ = {isa = PBXBuildFile; fileRef = 3A33781E193A99A80016B22E /* EAIntroPage.m */; };
		3A337822193A99A80016B22E /* EAIntroView.m in Sources */ = {isa = PBXBuildFile; fileRef = 3A337820193A99A80016B22E /* EAIntroView.m */; };
		3A337833193A9A4A0016B22E /* bg1@2x.png in Resources */ = {isa = PBXBuildFile; fileRef = 3A337824193A9A4A0016B22E /* bg1@2x.png */; };
		3A337834193A9A4A0016B22E /* bg2@2x.png in Resources */ = {isa = PBXBuildFile; fileRef = 3A337825193A9A4A0016B22E /* bg2@2x.png */; };
		3A337835193A9A4A0016B22E /* bg3@2x.png in Resources */ = {isa = PBXBuildFile; fileRef = 3A337826193A9A4A0016B22E /* bg3@2x.png */; };
		3A337836193A9A4A0016B22E /* bg4@2x.png in Resources */ = {isa = PBXBuildFile; fileRef = 3A337827193A9A4A0016B22E /* bg4@2x.png */; };
		3A337837193A9A4A0016B22E /* bigLogo@2x.png in Resources */ = {isa = PBXBuildFile; fileRef = 3A337828193A9A4A0016B22E /* bigLogo@2x.png */; };
		3A337838193A9A4A0016B22E /* icon1@2x.png in Resources */ = {isa = PBXBuildFile; fileRef = 3A337829193A9A4A0016B22E /* icon1@2x.png */; };
		3A337839193A9A4A0016B22E /* icon2@2x.png in Resources */ = {isa = PBXBuildFile; fileRef = 3A33782A193A9A4A0016B22E /* icon2@2x.png */; };
		3A33783A193A9A4A0016B22E /* icon3@2x.png in Resources */ = {isa = PBXBuildFile; fileRef = 3A33782B193A9A4A0016B22E /* icon3@2x.png */; };
		3A33783B193A9A4A0016B22E /* pageDot.png in Resources */ = {isa = PBXBuildFile; fileRef = 3A33782C193A9A4A0016B22E /* pageDot.png */; };
		3A33783C193A9A4A0016B22E /* pageDot@2x.png in Resources */ = {isa = PBXBuildFile; fileRef = 3A33782D193A9A4A0016B22E /* pageDot@2x.png */; };
		3A33783D193A9A4A0016B22E /* skipButton@2x.png in Resources */ = {isa = PBXBuildFile; fileRef = 3A33782E193A9A4A0016B22E /* skipButton@2x.png */; };
		3A33783E193A9A4A0016B22E /* title1@2x.png in Resources */ = {isa = PBXBuildFile; fileRef = 3A33782F193A9A4A0016B22E /* title1@2x.png */; };
		3A33783F193A9A4A0016B22E /* title2@2x.png in Resources */ = {isa = PBXBuildFile; fileRef = 3A337830193A9A4A0016B22E /* title2@2x.png */; };
		3A337840193A9A4A0016B22E /* title3@2x.png in Resources */ = {isa = PBXBuildFile; fileRef = 3A337831193A9A4A0016B22E /* title3@2x.png */; };
		3A337841193A9A4A0016B22E /* title4@2x.png in Resources */ = {isa = PBXBuildFile; fileRef = 3A337832193A9A4A0016B22E /* title4@2x.png */; };
		3A337866193A9E050016B22E /* libPayPalMobile.a in Frameworks */ = {isa = PBXBuildFile; fileRef = 3A337860193A9E040016B22E /* libPayPalMobile.a */; };
		3A337868193A9EAA0016B22E /* AVFoundation.framework in Frameworks */ = {isa = PBXBuildFile; fileRef = 3A337867193A9EAA0016B22E /* AVFoundation.framework */; };
		3A33786A193A9EB10016B22E /* MessageUI.framework in Frameworks */ = {isa = PBXBuildFile; fileRef = 3A337869193A9EB10016B22E /* MessageUI.framework */; };
		3A33786C193A9EB70016B22E /* SystemConfiguration.framework in Frameworks */ = {isa = PBXBuildFile; fileRef = 3A33786B193A9EB70016B22E /* SystemConfiguration.framework */; };
		3A337875193ABAE40016B22E /* app_icon.png in Resources */ = {isa = PBXBuildFile; fileRef = 3A33786D193ABAE40016B22E /* app_icon.png */; };
		3A337876193ABAE40016B22E /* coin.png in Resources */ = {isa = PBXBuildFile; fileRef = 3A33786E193ABAE40016B22E /* coin.png */; };
		3A337877193ABAE40016B22E /* hamburger.png in Resources */ = {isa = PBXBuildFile; fileRef = 3A33786F193ABAE40016B22E /* hamburger.png */; };
		3A337878193ABAE40016B22E /* hermes-iphone.png in Resources */ = {isa = PBXBuildFile; fileRef = 3A337870193ABAE40016B22E /* hermes-iphone.png */; };
		3A337879193ABAE40016B22E /* logo.png in Resources */ = {isa = PBXBuildFile; fileRef = 3A337871193ABAE40016B22E /* logo.png */; };
		3A33787A193ABAE40016B22E /* plus.png in Resources */ = {isa = PBXBuildFile; fileRef = 3A337872193ABAE40016B22E /* plus.png */; };
		3A33787B193ABAE40016B22E /* ticket.png in Resources */ = {isa = PBXBuildFile; fileRef = 3A337873193ABAE40016B22E /* ticket.png */; };
		3A33787C193ABAE40016B22E /* ttc_banner.png in Resources */ = {isa = PBXBuildFile; fileRef = 3A337874193ABAE40016B22E /* ttc_banner.png */; };
/* End PBXBuildFile section */

/* Begin PBXContainerItemProxy section */
		3A3377CC193A6DF30016B22E /* PBXContainerItemProxy */ = {
			isa = PBXContainerItemProxy;
			containerPortal = 3A33779E193A6DF30016B22E /* Project object */;
			proxyType = 1;
			remoteGlobalIDString = 3A3377A5193A6DF30016B22E;
			remoteInfo = "hermes-ios";
		};
/* End PBXContainerItemProxy section */

/* Begin PBXFileReference section */
		3A3377A6193A6DF30016B22E /* hermes-ios.app */ = {isa = PBXFileReference; explicitFileType = wrapper.application; includeInIndex = 0; path = "hermes-ios.app"; sourceTree = BUILT_PRODUCTS_DIR; };
		3A3377A9193A6DF30016B22E /* Foundation.framework */ = {isa = PBXFileReference; lastKnownFileType = wrapper.framework; name = Foundation.framework; path = System/Library/Frameworks/Foundation.framework; sourceTree = SDKROOT; };
		3A3377AB193A6DF30016B22E /* CoreGraphics.framework */ = {isa = PBXFileReference; lastKnownFileType = wrapper.framework; name = CoreGraphics.framework; path = System/Library/Frameworks/CoreGraphics.framework; sourceTree = SDKROOT; };
		3A3377AD193A6DF30016B22E /* UIKit.framework */ = {isa = PBXFileReference; lastKnownFileType = wrapper.framework; name = UIKit.framework; path = System/Library/Frameworks/UIKit.framework; sourceTree = SDKROOT; };
		3A3377B1193A6DF30016B22E /* hermes-ios-Info.plist */ = {isa = PBXFileReference; lastKnownFileType = text.plist.xml; path = "hermes-ios-Info.plist"; sourceTree = "<group>"; };
		3A3377B3193A6DF30016B22E /* en */ = {isa = PBXFileReference; lastKnownFileType = text.plist.strings; name = en; path = en.lproj/InfoPlist.strings; sourceTree = "<group>"; };
		3A3377B5193A6DF30016B22E /* main.m */ = {isa = PBXFileReference; lastKnownFileType = sourcecode.c.objc; path = main.m; sourceTree = "<group>"; };
		3A3377B7193A6DF30016B22E /* hermes-ios-Prefix.pch */ = {isa = PBXFileReference; lastKnownFileType = sourcecode.c.h; path = "hermes-ios-Prefix.pch"; sourceTree = "<group>"; };
		3A3377B8193A6DF30016B22E /* AppDelegate.h */ = {isa = PBXFileReference; lastKnownFileType = sourcecode.c.h; path = AppDelegate.h; sourceTree = "<group>"; };
		3A3377B9193A6DF30016B22E /* AppDelegate.m */ = {isa = PBXFileReference; lastKnownFileType = sourcecode.c.objc; path = AppDelegate.m; sourceTree = "<group>"; };
		3A3377BC193A6DF30016B22E /* Base */ = {isa = PBXFileReference; lastKnownFileType = file.storyboard; name = Base; path = Base.lproj/Main.storyboard; sourceTree = "<group>"; };
		3A3377BE193A6DF30016B22E /* ViewController.h */ = {isa = PBXFileReference; lastKnownFileType = sourcecode.c.h; path = ViewController.h; sourceTree = "<group>"; };
		3A3377BF193A6DF30016B22E /* ViewController.m */ = {isa = PBXFileReference; lastKnownFileType = sourcecode.c.objc; path = ViewController.m; sourceTree = "<group>"; };
		3A3377C1193A6DF30016B22E /* Images.xcassets */ = {isa = PBXFileReference; lastKnownFileType = folder.assetcatalog; path = Images.xcassets; sourceTree = "<group>"; };
		3A3377C7193A6DF30016B22E /* hermes-iosTests.xctest */ = {isa = PBXFileReference; explicitFileType = wrapper.cfbundle; includeInIndex = 0; path = "hermes-iosTests.xctest"; sourceTree = BUILT_PRODUCTS_DIR; };
		3A3377C8193A6DF30016B22E /* XCTest.framework */ = {isa = PBXFileReference; lastKnownFileType = wrapper.framework; name = XCTest.framework; path = Library/Frameworks/XCTest.framework; sourceTree = DEVELOPER_DIR; };
		3A3377D0193A6DF30016B22E /* hermes-iosTests-Info.plist */ = {isa = PBXFileReference; lastKnownFileType = text.plist.xml; path = "hermes-iosTests-Info.plist"; sourceTree = "<group>"; };
		3A3377D2193A6DF30016B22E /* en */ = {isa = PBXFileReference; lastKnownFileType = text.plist.strings; name = en; path = en.lproj/InfoPlist.strings; sourceTree = "<group>"; };
		3A3377D4193A6DF30016B22E /* hermes_iosTests.m */ = {isa = PBXFileReference; lastKnownFileType = sourcecode.c.objc; path = hermes_iosTests.m; sourceTree = "<group>"; };
		3A3377DE193A6E510016B22E /* PayViewController.h */ = {isa = PBXFileReference; fileEncoding = 4; lastKnownFileType = sourcecode.c.h; path = PayViewController.h; sourceTree = "<group>"; };
		3A3377DF193A6E510016B22E /* PayViewController.m */ = {isa = PBXFileReference; fileEncoding = 4; lastKnownFileType = sourcecode.c.objc; path = PayViewController.m; sourceTree = "<group>"; };
		3A3377E1193A736E0016B22E /* CoreBluetooth.framework */ = {isa = PBXFileReference; lastKnownFileType = wrapper.framework; name = CoreBluetooth.framework; path = System/Library/Frameworks/CoreBluetooth.framework; sourceTree = SDKROOT; };
		3A3377E3193A73720016B22E /* CoreLocation.framework */ = {isa = PBXFileReference; lastKnownFileType = wrapper.framework; name = CoreLocation.framework; path = System/Library/Frameworks/CoreLocation.framework; sourceTree = SDKROOT; };
		3A3377E5193A777E0016B22E /* PayPalViewController.h */ = {isa = PBXFileReference; fileEncoding = 4; lastKnownFileType = sourcecode.c.h; path = PayPalViewController.h; sourceTree = "<group>"; };
		3A3377E6193A777E0016B22E /* PayPalViewController.m */ = {isa = PBXFileReference; fileEncoding = 4; lastKnownFileType = sourcecode.c.objc; path = PayPalViewController.m; sourceTree = "<group>"; };
		3A33781A193A99950016B22E /* SMPageControl.h */ = {isa = PBXFileReference; fileEncoding = 4; lastKnownFileType = sourcecode.c.h; path = SMPageControl.h; sourceTree = "<group>"; };
		3A33781B193A99950016B22E /* SMPageControl.m */ = {isa = PBXFileReference; fileEncoding = 4; lastKnownFileType = sourcecode.c.objc; path = SMPageControl.m; sourceTree = "<group>"; };
		3A33781D193A99A80016B22E /* EAIntroPage.h */ = {isa = PBXFileReference; fileEncoding = 4; lastKnownFileType = sourcecode.c.h; path = EAIntroPage.h; sourceTree = "<group>"; };
		3A33781E193A99A80016B22E /* EAIntroPage.m */ = {isa = PBXFileReference; fileEncoding = 4; lastKnownFileType = sourcecode.c.objc; path = EAIntroPage.m; sourceTree = "<group>"; };
		3A33781F193A99A80016B22E /* EAIntroView.h */ = {isa = PBXFileReference; fileEncoding = 4; lastKnownFileType = sourcecode.c.h; path = EAIntroView.h; sourceTree = "<group>"; };
		3A337820193A99A80016B22E /* EAIntroView.m */ = {isa = PBXFileReference; fileEncoding = 4; lastKnownFileType = sourcecode.c.objc; path = EAIntroView.m; sourceTree = "<group>"; };
		3A337824193A9A4A0016B22E /* bg1@2x.png */ = {isa = PBXFileReference; lastKnownFileType = image.png; path = "bg1@2x.png"; sourceTree = "<group>"; };
		3A337825193A9A4A0016B22E /* bg2@2x.png */ = {isa = PBXFileReference; lastKnownFileType = image.png; path = "bg2@2x.png"; sourceTree = "<group>"; };
		3A337826193A9A4A0016B22E /* bg3@2x.png */ = {isa = PBXFileReference; lastKnownFileType = image.png; path = "bg3@2x.png"; sourceTree = "<group>"; };
		3A337827193A9A4A0016B22E /* bg4@2x.png */ = {isa = PBXFileReference; lastKnownFileType = image.png; path = "bg4@2x.png"; sourceTree = "<group>"; };
		3A337828193A9A4A0016B22E /* bigLogo@2x.png */ = {isa = PBXFileReference; lastKnownFileType = image.png; path = "bigLogo@2x.png"; sourceTree = "<group>"; };
		3A337829193A9A4A0016B22E /* icon1@2x.png */ = {isa = PBXFileReference; lastKnownFileType = image.png; path = "icon1@2x.png"; sourceTree = "<group>"; };
		3A33782A193A9A4A0016B22E /* icon2@2x.png */ = {isa = PBXFileReference; lastKnownFileType = image.png; path = "icon2@2x.png"; sourceTree = "<group>"; };
		3A33782B193A9A4A0016B22E /* icon3@2x.png */ = {isa = PBXFileReference; lastKnownFileType = image.png; path = "icon3@2x.png"; sourceTree = "<group>"; };
		3A33782C193A9A4A0016B22E /* pageDot.png */ = {isa = PBXFileReference; lastKnownFileType = image.png; path = pageDot.png; sourceTree = "<group>"; };
		3A33782D193A9A4A0016B22E /* pageDot@2x.png */ = {isa = PBXFileReference; lastKnownFileType = image.png; path = "pageDot@2x.png"; sourceTree = "<group>"; };
		3A33782E193A9A4A0016B22E /* skipButton@2x.png */ = {isa = PBXFileReference; lastKnownFileType = image.png; path = "skipButton@2x.png"; sourceTree = "<group>"; };
		3A33782F193A9A4A0016B22E /* title1@2x.png */ = {isa = PBXFileReference; lastKnownFileType = image.png; path = "title1@2x.png"; sourceTree = "<group>"; };
		3A337830193A9A4A0016B22E /* title2@2x.png */ = {isa = PBXFileReference; lastKnownFileType = image.png; path = "title2@2x.png"; sourceTree = "<group>"; };
		3A337831193A9A4A0016B22E /* title3@2x.png */ = {isa = PBXFileReference; lastKnownFileType = image.png; path = "title3@2x.png"; sourceTree = "<group>"; };
		3A337832193A9A4A0016B22E /* title4@2x.png */ = {isa = PBXFileReference; lastKnownFileType = image.png; path = "title4@2x.png"; sourceTree = "<group>"; };
		3A337860193A9E040016B22E /* libPayPalMobile.a */ = {isa = PBXFileReference; lastKnownFileType = archive.ar; path = libPayPalMobile.a; sourceTree = "<group>"; };
		3A337861193A9E040016B22E /* PayPalConfiguration.h */ = {isa = PBXFileReference; fileEncoding = 4; lastKnownFileType = sourcecode.c.h; path = PayPalConfiguration.h; sourceTree = "<group>"; };
		3A337862193A9E040016B22E /* PayPalFuturePaymentViewController.h */ = {isa = PBXFileReference; fileEncoding = 4; lastKnownFileType = sourcecode.c.h; path = PayPalFuturePaymentViewController.h; sourceTree = "<group>"; };
		3A337863193A9E040016B22E /* PayPalMobile.h */ = {isa = PBXFileReference; fileEncoding = 4; lastKnownFileType = sourcecode.c.h; path = PayPalMobile.h; sourceTree = "<group>"; };
		3A337864193A9E040016B22E /* PayPalPayment.h */ = {isa = PBXFileReference; fileEncoding = 4; lastKnownFileType = sourcecode.c.h; path = PayPalPayment.h; sourceTree = "<group>"; };
		3A337865193A9E040016B22E /* PayPalPaymentViewController.h */ = {isa = PBXFileReference; fileEncoding = 4; lastKnownFileType = sourcecode.c.h; path = PayPalPaymentViewController.h; sourceTree = "<group>"; };
		3A337867193A9EAA0016B22E /* AVFoundation.framework */ = {isa = PBXFileReference; lastKnownFileType = wrapper.framework; name = AVFoundation.framework; path = System/Library/Frameworks/AVFoundation.framework; sourceTree = SDKROOT; };
		3A337869193A9EB10016B22E /* MessageUI.framework */ = {isa = PBXFileReference; lastKnownFileType = wrapper.framework; name = MessageUI.framework; path = System/Library/Frameworks/MessageUI.framework; sourceTree = SDKROOT; };
		3A33786B193A9EB70016B22E /* SystemConfiguration.framework */ = {isa = PBXFileReference; lastKnownFileType = wrapper.framework; name = SystemConfiguration.framework; path = System/Library/Frameworks/SystemConfiguration.framework; sourceTree = SDKROOT; };
		3A33786D193ABAE40016B22E /* app_icon.png */ = {isa = PBXFileReference; lastKnownFileType = image.png; path = app_icon.png; sourceTree = "<group>"; };
		3A33786E193ABAE40016B22E /* coin.png */ = {isa = PBXFileReference; lastKnownFileType = image.png; path = coin.png; sourceTree = "<group>"; };
		3A33786F193ABAE40016B22E /* hamburger.png */ = {isa = PBXFileReference; lastKnownFileType = image.png; path = hamburger.png; sourceTree = "<group>"; };
		3A337870193ABAE40016B22E /* hermes-iphone.png */ = {isa = PBXFileReference; lastKnownFileType = image.png; path = "hermes-iphone.png"; sourceTree = "<group>"; };
		3A337871193ABAE40016B22E /* logo.png */ = {isa = PBXFileReference; lastKnownFileType = image.png; path = logo.png; sourceTree = "<group>"; };
		3A337872193ABAE40016B22E /* plus.png */ = {isa = PBXFileReference; lastKnownFileType = image.png; path = plus.png; sourceTree = "<group>"; };
		3A337873193ABAE40016B22E /* ticket.png */ = {isa = PBXFileReference; lastKnownFileType = image.png; path = ticket.png; sourceTree = "<group>"; };
		3A337874193ABAE40016B22E /* ttc_banner.png */ = {isa = PBXFileReference; lastKnownFileType = image.png; path = ttc_banner.png; sourceTree = "<group>"; };
/* End PBXFileReference section */

/* Begin PBXFrameworksBuildPhase section */
		3A3377A3193A6DF30016B22E /* Frameworks */ = {
			isa = PBXFrameworksBuildPhase;
			buildActionMask = 2147483647;
			files = (
				3A33786C193A9EB70016B22E /* SystemConfiguration.framework in Frameworks */,
				3A33786A193A9EB10016B22E /* MessageUI.framework in Frameworks */,
				3A337868193A9EAA0016B22E /* AVFoundation.framework in Frameworks */,
				3A337866193A9E050016B22E /* libPayPalMobile.a in Frameworks */,
				3A3377E4193A73720016B22E /* CoreLocation.framework in Frameworks */,
				3A3377E2193A736E0016B22E /* CoreBluetooth.framework in Frameworks */,
				3A3377AC193A6DF30016B22E /* CoreGraphics.framework in Frameworks */,
				3A3377AE193A6DF30016B22E /* UIKit.framework in Frameworks */,
				3A3377AA193A6DF30016B22E /* Foundation.framework in Frameworks */,
			);
			runOnlyForDeploymentPostprocessing = 0;
		};
		3A3377C4193A6DF30016B22E /* Frameworks */ = {
			isa = PBXFrameworksBuildPhase;
			buildActionMask = 2147483647;
			files = (
				3A3377C9193A6DF30016B22E /* XCTest.framework in Frameworks */,
				3A3377CB193A6DF30016B22E /* UIKit.framework in Frameworks */,
				3A3377CA193A6DF30016B22E /* Foundation.framework in Frameworks */,
			);
			runOnlyForDeploymentPostprocessing = 0;
		};
/* End PBXFrameworksBuildPhase section */

/* Begin PBXGroup section */
		3A33779D193A6DF30016B22E = {
			isa = PBXGroup;
			children = (
				3A3377AF193A6DF30016B22E /* hermes-ios */,
				3A3377CE193A6DF30016B22E /* hermes-iosTests */,
				3A3377A8193A6DF30016B22E /* Frameworks */,
				3A3377A7193A6DF30016B22E /* Products */,
			);
			sourceTree = "<group>";
		};
		3A3377A7193A6DF30016B22E /* Products */ = {
			isa = PBXGroup;
			children = (
				3A3377A6193A6DF30016B22E /* hermes-ios.app */,
				3A3377C7193A6DF30016B22E /* hermes-iosTests.xctest */,
			);
			name = Products;
			sourceTree = "<group>";
		};
		3A3377A8193A6DF30016B22E /* Frameworks */ = {
			isa = PBXGroup;
			children = (
				3A33786B193A9EB70016B22E /* SystemConfiguration.framework */,
				3A337869193A9EB10016B22E /* MessageUI.framework */,
				3A337867193A9EAA0016B22E /* AVFoundation.framework */,
				3A3377E3193A73720016B22E /* CoreLocation.framework */,
				3A3377E1193A736E0016B22E /* CoreBluetooth.framework */,
				3A3377A9193A6DF30016B22E /* Foundation.framework */,
				3A3377AB193A6DF30016B22E /* CoreGraphics.framework */,
				3A3377AD193A6DF30016B22E /* UIKit.framework */,
				3A3377C8193A6DF30016B22E /* XCTest.framework */,
			);
			name = Frameworks;
			sourceTree = "<group>";
		};
		3A3377AF193A6DF30016B22E /* hermes-ios */ = {
			isa = PBXGroup;
			children = (
				3A3377B8193A6DF30016B22E /* AppDelegate.h */,
				3A3377B9193A6DF30016B22E /* AppDelegate.m */,
				3A3377BB193A6DF30016B22E /* Main.storyboard */,
				3A3377BE193A6DF30016B22E /* ViewController.h */,
				3A3377BF193A6DF30016B22E /* ViewController.m */,
				3A3377DE193A6E510016B22E /* PayViewController.h */,
				3A3377DF193A6E510016B22E /* PayViewController.m */,
				3A3377E5193A777E0016B22E /* PayPalViewController.h */,
				3A3377E6193A777E0016B22E /* PayPalViewController.m */,
				3A3377C1193A6DF30016B22E /* Images.xcassets */,
				3A3377B0193A6DF30016B22E /* Supporting Files */,
			);
			path = "hermes-ios";
			sourceTree = "<group>";
		};
		3A3377B0193A6DF30016B22E /* Supporting Files */ = {
			isa = PBXGroup;
			children = (
				3A33785F193A9E040016B22E /* PayPalMobile */,
				3A337823193A9A4A0016B22E /* Intro */,
				3A33781D193A99A80016B22E /* EAIntroPage.h */,
				3A33781E193A99A80016B22E /* EAIntroPage.m */,
				3A33781F193A99A80016B22E /* EAIntroView.h */,
				3A337820193A99A80016B22E /* EAIntroView.m */,
				3A33781A193A99950016B22E /* SMPageControl.h */,
				3A33781B193A99950016B22E /* SMPageControl.m */,
				3A3377B1193A6DF30016B22E /* hermes-ios-Info.plist */,
				3A3377B2193A6DF30016B22E /* InfoPlist.strings */,
				3A3377B5193A6DF30016B22E /* main.m */,
				3A3377B7193A6DF30016B22E /* hermes-ios-Prefix.pch */,
				3A33786D193ABAE40016B22E /* app_icon.png */,
				3A33786E193ABAE40016B22E /* coin.png */,
				3A33786F193ABAE40016B22E /* hamburger.png */,
				3A337870193ABAE40016B22E /* hermes-iphone.png */,
				3A337871193ABAE40016B22E /* logo.png */,
				3A337872193ABAE40016B22E /* plus.png */,
				3A337873193ABAE40016B22E /* ticket.png */,
				3A337874193ABAE40016B22E /* ttc_banner.png */,
			);
			name = "Supporting Files";
			sourceTree = "<group>";
		};
		3A3377CE193A6DF30016B22E /* hermes-iosTests */ = {
			isa = PBXGroup;
			children = (
				3A3377D4193A6DF30016B22E /* hermes_iosTests.m */,
				3A3377CF193A6DF30016B22E /* Supporting Files */,
			);
			path = "hermes-iosTests";
			sourceTree = "<group>";
		};
		3A3377CF193A6DF30016B22E /* Supporting Files */ = {
			isa = PBXGroup;
			children = (
				3A3377D0193A6DF30016B22E /* hermes-iosTests-Info.plist */,
				3A3377D1193A6DF30016B22E /* InfoPlist.strings */,
			);
			name = "Supporting Files";
			sourceTree = "<group>";
		};
		3A337823193A9A4A0016B22E /* Intro */ = {
			isa = PBXGroup;
			children = (
				3A337824193A9A4A0016B22E /* bg1@2x.png */,
				3A337825193A9A4A0016B22E /* bg2@2x.png */,
				3A337826193A9A4A0016B22E /* bg3@2x.png */,
				3A337827193A9A4A0016B22E /* bg4@2x.png */,
				3A337828193A9A4A0016B22E /* bigLogo@2x.png */,
				3A337829193A9A4A0016B22E /* icon1@2x.png */,
				3A33782A193A9A4A0016B22E /* icon2@2x.png */,
				3A33782B193A9A4A0016B22E /* icon3@2x.png */,
				3A33782C193A9A4A0016B22E /* pageDot.png */,
				3A33782D193A9A4A0016B22E /* pageDot@2x.png */,
				3A33782E193A9A4A0016B22E /* skipButton@2x.png */,
				3A33782F193A9A4A0016B22E /* title1@2x.png */,
				3A337830193A9A4A0016B22E /* title2@2x.png */,
				3A337831193A9A4A0016B22E /* title3@2x.png */,
				3A337832193A9A4A0016B22E /* title4@2x.png */,
			);
			path = Intro;
			sourceTree = "<group>";
		};
		3A33785F193A9E040016B22E /* PayPalMobile */ = {
			isa = PBXGroup;
			children = (
				3A337860193A9E040016B22E /* libPayPalMobile.a */,
				3A337861193A9E040016B22E /* PayPalConfiguration.h */,
				3A337862193A9E040016B22E /* PayPalFuturePaymentViewController.h */,
				3A337863193A9E040016B22E /* PayPalMobile.h */,
				3A337864193A9E040016B22E /* PayPalPayment.h */,
				3A337865193A9E040016B22E /* PayPalPaymentViewController.h */,
			);
			path = PayPalMobile;
			sourceTree = "<group>";
		};
/* End PBXGroup section */

/* Begin PBXNativeTarget section */
		3A3377A5193A6DF30016B22E /* hermes-ios */ = {
			isa = PBXNativeTarget;
			buildConfigurationList = 3A3377D8193A6DF30016B22E /* Build configuration list for PBXNativeTarget "hermes-ios" */;
			buildPhases = (
				3A3377A2193A6DF30016B22E /* Sources */,
				3A3377A3193A6DF30016B22E /* Frameworks */,
				3A3377A4193A6DF30016B22E /* Resources */,
			);
			buildRules = (
			);
			dependencies = (
			);
			name = "hermes-ios";
			productName = "hermes-ios";
			productReference = 3A3377A6193A6DF30016B22E /* hermes-ios.app */;
			productType = "com.apple.product-type.application";
		};
		3A3377C6193A6DF30016B22E /* hermes-iosTests */ = {
			isa = PBXNativeTarget;
			buildConfigurationList = 3A3377DB193A6DF30016B22E /* Build configuration list for PBXNativeTarget "hermes-iosTests" */;
			buildPhases = (
				3A3377C3193A6DF30016B22E /* Sources */,
				3A3377C4193A6DF30016B22E /* Frameworks */,
				3A3377C5193A6DF30016B22E /* Resources */,
			);
			buildRules = (
			);
			dependencies = (
				3A3377CD193A6DF30016B22E /* PBXTargetDependency */,
			);
			name = "hermes-iosTests";
			productName = "hermes-iosTests";
			productReference = 3A3377C7193A6DF30016B22E /* hermes-iosTests.xctest */;
			productType = "com.apple.product-type.bundle.unit-test";
		};
/* End PBXNativeTarget section */

/* Begin PBXProject section */
		3A33779E193A6DF30016B22E /* Project object */ = {
			isa = PBXProject;
			attributes = {
				LastUpgradeCheck = 0510;
				ORGANIZATIONNAME = Jeremy;
				TargetAttributes = {
					3A3377C6193A6DF30016B22E = {
						TestTargetID = 3A3377A5193A6DF30016B22E;
					};
				};
			};
			buildConfigurationList = 3A3377A1193A6DF30016B22E /* Build configuration list for PBXProject "hermes-ios" */;
			compatibilityVersion = "Xcode 3.2";
			developmentRegion = English;
			hasScannedForEncodings = 0;
			knownRegions = (
				en,
				Base,
			);
			mainGroup = 3A33779D193A6DF30016B22E;
			productRefGroup = 3A3377A7193A6DF30016B22E /* Products */;
			projectDirPath = "";
			projectRoot = "";
			targets = (
				3A3377A5193A6DF30016B22E /* hermes-ios */,
				3A3377C6193A6DF30016B22E /* hermes-iosTests */,
			);
		};
/* End PBXProject section */

/* Begin PBXResourcesBuildPhase section */
		3A3377A4193A6DF30016B22E /* Resources */ = {
			isa = PBXResourcesBuildPhase;
			buildActionMask = 2147483647;
			files = (
				3A337841193A9A4A0016B22E /* title4@2x.png in Resources */,
				3A337879193ABAE40016B22E /* logo.png in Resources */,
				3A337877193ABAE40016B22E /* hamburger.png in Resources */,
				3A3377C2193A6DF30016B22E /* Images.xcassets in Resources */,
				3A337836193A9A4A0016B22E /* bg4@2x.png in Resources */,
				3A337835193A9A4A0016B22E /* bg3@2x.png in Resources */,
				3A33783C193A9A4A0016B22E /* pageDot@2x.png in Resources */,
				3A337833193A9A4A0016B22E /* bg1@2x.png in Resources */,
				3A337838193A9A4A0016B22E /* icon1@2x.png in Resources */,
				3A3377B4193A6DF30016B22E /* InfoPlist.strings in Resources */,
				3A3377BD193A6DF30016B22E /* Main.storyboard in Resources */,
				3A337837193A9A4A0016B22E /* bigLogo@2x.png in Resources */,
				3A33783A193A9A4A0016B22E /* icon3@2x.png in Resources */,
				3A337875193ABAE40016B22E /* app_icon.png in Resources */,
				3A337840193A9A4A0016B22E /* title3@2x.png in Resources */,
				3A33787C193ABAE40016B22E /* ttc_banner.png in Resources */,
				3A33783E193A9A4A0016B22E /* title1@2x.png in Resources */,
				3A337839193A9A4A0016B22E /* icon2@2x.png in Resources */,
				3A337878193ABAE40016B22E /* hermes-iphone.png in Resources */,
				3A33783D193A9A4A0016B22E /* skipButton@2x.png in Resources */,
				3A33787B193ABAE40016B22E /* ticket.png in Resources */,
				3A337876193ABAE40016B22E /* coin.png in Resources */,
				3A33783B193A9A4A0016B22E /* pageDot.png in Resources */,
				3A33783F193A9A4A0016B22E /* title2@2x.png in Resources */,
				3A337834193A9A4A0016B22E /* bg2@2x.png in Resources */,
				3A33787A193ABAE40016B22E /* plus.png in Resources */,
			);
			runOnlyForDeploymentPostprocessing = 0;
		};
		3A3377C5193A6DF30016B22E /* Resources */ = {
			isa = PBXResourcesBuildPhase;
			buildActionMask = 2147483647;
			files = (
				3A3377D3193A6DF30016B22E /* InfoPlist.strings in Resources */,
			);
			runOnlyForDeploymentPostprocessing = 0;
		};
/* End PBXResourcesBuildPhase section */

/* Begin PBXSourcesBuildPhase section */
		3A3377A2193A6DF30016B22E /* Sources */ = {
			isa = PBXSourcesBuildPhase;
			buildActionMask = 2147483647;
			files = (
				3A337821193A99A80016B22E /* EAIntroPage.m in Sources */,
				3A3377C0193A6DF30016B22E /* ViewController.m in Sources */,
				3A3377BA193A6DF30016B22E /* AppDelegate.m in Sources */,
				3A33781C193A99950016B22E /* SMPageControl.m in Sources */,
				3A3377E7193A777E0016B22E /* PayPalViewController.m in Sources */,
				3A337822193A99A80016B22E /* EAIntroView.m in Sources */,
				3A3377B6193A6DF30016B22E /* main.m in Sources */,
				3A3377E0193A6E510016B22E /* PayViewController.m in Sources */,
			);
			runOnlyForDeploymentPostprocessing = 0;
		};
		3A3377C3193A6DF30016B22E /* Sources */ = {
			isa = PBXSourcesBuildPhase;
			buildActionMask = 2147483647;
			files = (
				3A3377D5193A6DF30016B22E /* hermes_iosTests.m in Sources */,
			);
			runOnlyForDeploymentPostprocessing = 0;
		};
/* End PBXSourcesBuildPhase section */

/* Begin PBXTargetDependency section */
		3A3377CD193A6DF30016B22E /* PBXTargetDependency */ = {
			isa = PBXTargetDependency;
			target = 3A3377A5193A6DF30016B22E /* hermes-ios */;
			targetProxy = 3A3377CC193A6DF30016B22E /* PBXContainerItemProxy */;
		};
/* End PBXTargetDependency section */

/* Begin PBXVariantGroup section */
		3A3377B2193A6DF30016B22E /* InfoPlist.strings */ = {
			isa = PBXVariantGroup;
			children = (
				3A3377B3193A6DF30016B22E /* en */,
			);
			name = InfoPlist.strings;
			sourceTree = "<group>";
		};
		3A3377BB193A6DF30016B22E /* Main.storyboard */ = {
			isa = PBXVariantGroup;
			children = (
				3A3377BC193A6DF30016B22E /* Base */,
			);
			name = Main.storyboard;
			sourceTree = "<group>";
		};
		3A3377D1193A6DF30016B22E /* InfoPlist.strings */ = {
			isa = PBXVariantGroup;
			children = (
				3A3377D2193A6DF30016B22E /* en */,
			);
			name = InfoPlist.strings;
			sourceTree = "<group>";
		};
/* End PBXVariantGroup section */

/* Begin XCBuildConfiguration section */
		3A3377D6193A6DF30016B22E /* Debug */ = {
			isa = XCBuildConfiguration;
			buildSettings = {
				ALWAYS_SEARCH_USER_PATHS = NO;
				CLANG_CXX_LANGUAGE_STANDARD = "gnu++0x";
				CLANG_CXX_LIBRARY = "libc++";
				CLANG_ENABLE_MODULES = YES;
				CLANG_ENABLE_OBJC_ARC = YES;
				CLANG_WARN_BOOL_CONVERSION = YES;
				CLANG_WARN_CONSTANT_CONVERSION = YES;
				CLANG_WARN_DIRECT_OBJC_ISA_USAGE = YES_ERROR;
				CLANG_WARN_EMPTY_BODY = YES;
				CLANG_WARN_ENUM_CONVERSION = YES;
				CLANG_WARN_INT_CONVERSION = YES;
				CLANG_WARN_OBJC_ROOT_CLASS = YES_ERROR;
				CLANG_WARN__DUPLICATE_METHOD_MATCH = YES;
				"CODE_SIGN_IDENTITY[sdk=iphoneos*]" = "iPhone Developer";
				COPY_PHASE_STRIP = NO;
				GCC_C_LANGUAGE_STANDARD = gnu99;
				GCC_DYNAMIC_NO_PIC = NO;
				GCC_OPTIMIZATION_LEVEL = 0;
				GCC_PREPROCESSOR_DEFINITIONS = (
					"DEBUG=1",
					"$(inherited)",
				);
				GCC_SYMBOLS_PRIVATE_EXTERN = NO;
				GCC_WARN_64_TO_32_BIT_CONVERSION = YES;
				GCC_WARN_ABOUT_RETURN_TYPE = YES_ERROR;
				GCC_WARN_UNDECLARED_SELECTOR = YES;
				GCC_WARN_UNINITIALIZED_AUTOS = YES_AGGRESSIVE;
				GCC_WARN_UNUSED_FUNCTION = YES;
				GCC_WARN_UNUSED_VARIABLE = YES;
				IPHONEOS_DEPLOYMENT_TARGET = 7.1;
				ONLY_ACTIVE_ARCH = YES;
				SDKROOT = iphoneos;
			};
			name = Debug;
		};
		3A3377D7193A6DF30016B22E /* Release */ = {
			isa = XCBuildConfiguration;
			buildSettings = {
				ALWAYS_SEARCH_USER_PATHS = NO;
				CLANG_CXX_LANGUAGE_STANDARD = "gnu++0x";
				CLANG_CXX_LIBRARY = "libc++";
				CLANG_ENABLE_MODULES = YES;
				CLANG_ENABLE_OBJC_ARC = YES;
				CLANG_WARN_BOOL_CONVERSION = YES;
				CLANG_WARN_CONSTANT_CONVERSION = YES;
				CLANG_WARN_DIRECT_OBJC_ISA_USAGE = YES_ERROR;
				CLANG_WARN_EMPTY_BODY = YES;
				CLANG_WARN_ENUM_CONVERSION = YES;
				CLANG_WARN_INT_CONVERSION = YES;
				CLANG_WARN_OBJC_ROOT_CLASS = YES_ERROR;
				CLANG_WARN__DUPLICATE_METHOD_MATCH = YES;
				"CODE_SIGN_IDENTITY[sdk=iphoneos*]" = "iPhone Developer";
				COPY_PHASE_STRIP = YES;
				ENABLE_NS_ASSERTIONS = NO;
				GCC_C_LANGUAGE_STANDARD = gnu99;
				GCC_WARN_64_TO_32_BIT_CONVERSION = YES;
				GCC_WARN_ABOUT_RETURN_TYPE = YES_ERROR;
				GCC_WARN_UNDECLARED_SELECTOR = YES;
				GCC_WARN_UNINITIALIZED_AUTOS = YES_AGGRESSIVE;
				GCC_WARN_UNUSED_FUNCTION = YES;
				GCC_WARN_UNUSED_VARIABLE = YES;
				IPHONEOS_DEPLOYMENT_TARGET = 7.1;
				SDKROOT = iphoneos;
				VALIDATE_PRODUCT = YES;
			};
			name = Release;
		};
		3A3377D9193A6DF30016B22E /* Debug */ = {
			isa = XCBuildConfiguration;
			buildSettings = {
				ASSETCATALOG_COMPILER_APPICON_NAME = AppIcon;
				ASSETCATALOG_COMPILER_LAUNCHIMAGE_NAME = LaunchImage;
				GCC_PRECOMPILE_PREFIX_HEADER = YES;
				GCC_PREFIX_HEADER = "hermes-ios/hermes-ios-Prefix.pch";
				INFOPLIST_FILE = "hermes-ios/hermes-ios-Info.plist";
				IPHONEOS_DEPLOYMENT_TARGET = 7.0;
				LIBRARY_SEARCH_PATHS = (
					"$(inherited)",
					"$(PROJECT_DIR)/PayPalMobile",
					"$(PROJECT_DIR)/hermes-ios/PayPalMobile",
				);
				OTHER_LDFLAGS = (
					"-lc++",
					"-ObjC",
				);
				PRODUCT_NAME = "$(TARGET_NAME)";
				WRAPPER_EXTENSION = app;
			};
			name = Debug;
		};
		3A3377DA193A6DF30016B22E /* Release */ = {
			isa = XCBuildConfiguration;
			buildSettings = {
				ASSETCATALOG_COMPILER_APPICON_NAME = AppIcon;
				ASSETCATALOG_COMPILER_LAUNCHIMAGE_NAME = LaunchImage;
				GCC_PRECOMPILE_PREFIX_HEADER = YES;
				GCC_PREFIX_HEADER = "hermes-ios/hermes-ios-Prefix.pch";
				INFOPLIST_FILE = "hermes-ios/hermes-ios-Info.plist";
				IPHONEOS_DEPLOYMENT_TARGET = 7.0;
				LIBRARY_SEARCH_PATHS = (
					"$(inherited)",
					"$(PROJECT_DIR)/PayPalMobile",
					"$(PROJECT_DIR)/hermes-ios/PayPalMobile",
				);
				OTHER_LDFLAGS = (
					"-lc++",
					"-ObjC",
				);
				PRODUCT_NAME = "$(TARGET_NAME)";
				WRAPPER_EXTENSION = app;
			};
			name = Release;
		};
		3A3377DC193A6DF30016B22E /* Debug */ = {
			isa = XCBuildConfiguration;
			buildSettings = {
				BUNDLE_LOADER = "$(BUILT_PRODUCTS_DIR)/hermes-ios.app/hermes-ios";
				FRAMEWORK_SEARCH_PATHS = (
					"$(SDKROOT)/Developer/Library/Frameworks",
					"$(inherited)",
					"$(DEVELOPER_FRAMEWORKS_DIR)",
				);
				GCC_PRECOMPILE_PREFIX_HEADER = YES;
				GCC_PREFIX_HEADER = "hermes-ios/hermes-ios-Prefix.pch";
				GCC_PREPROCESSOR_DEFINITIONS = (
					"DEBUG=1",
					"$(inherited)",
				);
				INFOPLIST_FILE = "hermes-iosTests/hermes-iosTests-Info.plist";
				PRODUCT_NAME = "$(TARGET_NAME)";
				TEST_HOST = "$(BUNDLE_LOADER)";
				WRAPPER_EXTENSION = xctest;
			};
			name = Debug;
		};
		3A3377DD193A6DF30016B22E /* Release */ = {
			isa = XCBuildConfiguration;
			buildSettings = {
				BUNDLE_LOADER = "$(BUILT_PRODUCTS_DIR)/hermes-ios.app/hermes-ios";
				FRAMEWORK_SEARCH_PATHS = (
					"$(SDKROOT)/Developer/Library/Frameworks",
					"$(inherited)",
					"$(DEVELOPER_FRAMEWORKS_DIR)",
				);
				GCC_PRECOMPILE_PREFIX_HEADER = YES;
				GCC_PREFIX_HEADER = "hermes-ios/hermes-ios-Prefix.pch";
				INFOPLIST_FILE = "hermes-iosTests/hermes-iosTests-Info.plist";
				PRODUCT_NAME = "$(TARGET_NAME)";
				TEST_HOST = "$(BUNDLE_LOADER)";
				WRAPPER_EXTENSION = xctest;
			};
			name = Release;
		};
/* End XCBuildConfiguration section */

/* Begin XCConfigurationList section */
		3A3377A1193A6DF30016B22E /* Build configuration list for PBXProject "hermes-ios" */ = {
			isa = XCConfigurationList;
			buildConfigurations = (
				3A3377D6193A6DF30016B22E /* Debug */,
				3A3377D7193A6DF30016B22E /* Release */,
			);
			defaultConfigurationIsVisible = 0;
			defaultConfigurationName = Release;
		};
		3A3377D8193A6DF30016B22E /* Build configuration list for PBXNativeTarget "hermes-ios" */ = {
			isa = XCConfigurationList;
			buildConfigurations = (
				3A3377D9193A6DF30016B22E /* Debug */,
				3A3377DA193A6DF30016B22E /* Release */,
			);
			defaultConfigurationIsVisible = 0;
			defaultConfigurationName = Release;
		};
		3A3377DB193A6DF30016B22E /* Build configuration list for PBXNativeTarget "hermes-iosTests" */ = {
			isa = XCConfigurationList;
			buildConfigurations = (
				3A3377DC193A6DF30016B22E /* Debug */,
				3A3377DD193A6DF30016B22E /* Release */,
			);
			defaultConfigurationIsVisible = 0;
			defaultConfigurationName = Release;
		};
/* End XCConfigurationList section */
	};
	rootObject = 3A33779E193A6DF30016B22E /* Project object */;
}
